# THIS IS AN AUTOGENERATED FILE. DO NOT EDIT THIS FILE DIRECTLY.
# yarn lockfile v1


"@faker-js/faker@^7.6.0":
  version "7.6.0"
  resolved "https://registry.yarnpkg.com/@faker-js/faker/-/faker-7.6.0.tgz#9ea331766084288634a9247fcd8b84f16ff4ba07"
  integrity sha512-XK6BTq1NDMo9Xqw/YkYyGjSsg44fbNwYRx7QK2CuoQgyy+f1rrTDHoExVM5PsyXCtfl2vs2vVJ0MN0yN6LppRw==

"@prisma/client@^4.5.0":
  version "4.5.0"
  resolved "https://registry.yarnpkg.com/@prisma/client/-/client-4.5.0.tgz#f708549bee3da396d5741d846b4e4306b120210c"
  integrity sha512-B2cV0OPI1smhdYUxsJoLYQLoMlLH06MUxgFUWQnHodGMX98VRVXKmQE/9OcrTNkqtke5RC+YU24Szxd04tZA2g==
  dependencies:
    "@prisma/engines-version" "4.5.0-43.0362da9eebca54d94c8ef5edd3b2e90af99ba452"

"@prisma/engines-version@4.5.0-43.0362da9eebca54d94c8ef5edd3b2e90af99ba452":
  version "4.5.0-43.0362da9eebca54d94c8ef5edd3b2e90af99ba452"
  resolved "https://registry.yarnpkg.com/@prisma/engines-version/-/engines-version-4.5.0-43.0362da9eebca54d94c8ef5edd3b2e90af99ba452.tgz#5b7fae294ee9bd9790d0e7b7a0b0912e4222ac08"
  integrity sha512-o7LyVx8PPJBLrEzLl6lpxxk2D5VnlM4Fwmrbq0NoT6pr5aa1OuHD9ZG+WJY6TlR/iD9bhmo2LNcxddCMr5Rv2A==

"@prisma/engines@4.4.0":
  version "4.4.0"
  resolved "https://registry.yarnpkg.com/@prisma/engines/-/engines-4.4.0.tgz#6ca7d3ce8eee08dcfa82311b0a02f5ccaac7dc0c"
  integrity sha512-Fpykccxlt9MHrAs/QpPGpI2nOiRxuLA+LiApgA59ibbf24YICZIMWd3SI2YD+q0IAIso0jCGiHhirAIbxK3RyQ==

prettier@^2.7.1:
  version "2.7.1"
  resolved "https://registry.yarnpkg.com/prettier/-/prettier-2.7.1.tgz#e235806850d057f97bb08368a4f7d899f7760c64"
  integrity sha512-ujppO+MkdPqoVINuDFDRLClm7D78qbDt0/NR+wp5FqEZOoTNAjPHWj17QRhu7geIHJfcNhRk1XVQmF8Bp3ye+g==

prisma@^4.4.0:
  version "4.4.0"
  resolved "https://registry.yarnpkg.com/prisma/-/prisma-4.4.0.tgz#0c53324bf6a29474636b3e1964e0d72e0277bf8f"
  integrity sha512-l/QKLmLcKJQFuc+X02LyICo0NWTUVaNNZ00jKJBqwDyhwMAhboD1FWwYV50rkH4Wls0RviAJSFzkC2ZrfawpfA==
  dependencies:
    "@prisma/engines" "4.4.0"
